
Microsoft Visual Studio Solution File, Format Version 12.00
# Visual Studio Version 17
VisualStudioVersion = 17.14.35906.104 d17.14
MinimumVisualStudioVersion = 10.0.40219.1
Project("{FAE04EC0-301F-11D3-BF4B-00C04F79EFBC}") = "ShortUrl", "src\ShortUrl.csproj", "{6AB91B35-80F5-5D97-3930-9E37D7FC131E}"
EndProject
Project("{2150E333-8FDC-42A3-9474-1A3956D46DE8}") = "Solution Items", "Solution Items", "{8EC462FD-D22E-90A8-E5CE-7E832BA40C5D}"
	ProjectSection(SolutionItems) = preProject
		README.md = README.md
	EndProjectSection
EndProject
Global
	GlobalSection(SolutionConfigurationPlatforms) = preSolution
		Debug|Any CPU = Debug|Any CPU
		Release|Any CPU = Release|Any CPU
	EndGlobalSection
	GlobalSection(ProjectConfigurationPlatforms) = postSolution
		{6AB91B35-80F5-5D97-3930-9E37D7FC131E}.Debug|Any CPU.ActiveCfg = Debug|Any CPU
		{6AB91B35-80F5-5D97-3930-9E37D7FC131E}.Debug|Any CPU.Build.0 = Debug|Any CPU
		{6AB91B35-80F5-5D97-3930-9E37D7FC131E}.Release|Any CPU.ActiveCfg = Release|Any CPU
		{6AB91B35-80F5-5D97-3930-9E37D7FC131E}.Release|Any CPU.Build.0 = Release|Any CPU
	EndGlobalSection
	GlobalSection(SolutionProperties) = preSolution
		HideSolutionNode = FALSE
	EndGlobalSection
	GlobalSection(ExtensibilityGlobals) = postSolution
		SolutionGuid = {EED7EE47-78D8-429B-9817-DEB5937454CF}
	EndGlobalSection
EndGlobal
